
Microsoft Visual Studio Solution File, Format Version 12.00
# Visual Studio 2013
VisualStudioVersion = 12.0.40629.0
MinimumVisualStudioVersion = 10.0.40219.1
Project("{FAE04EC0-301F-11D3-BF4B-00C04F79EFBC}") = "DatabaseSyncer", "DatabaseSyncer\DatabaseSyncer.csproj", "{34D36F26-7AC9-4DD5-B077-F6C60948450E}"
EndProject
Project("{2150E333-8FDC-42A3-9474-1A3956D46DE8}") = "Data", "Data", "{6CBF04D9-5B88-461B-B582-4754369FD381}"
EndProject
Project("{2150E333-8FDC-42A3-9474-1A3956D46DE8}") = "Common", "Common", "{71F0933C-6B1A-4852-A205-3B9EB204831E}"
EndProject
Project("{2150E333-8FDC-42A3-9474-1A3956D46DE8}") = "Tests", "Tests", "{A15D63F1-8FAC-4116-85D2-350634D933C0}"
EndProject
Project("{FAE04EC0-301F-11D3-BF4B-00C04F79EFBC}") = "ApiProcessingTests", "Tests\ApiProcessingTests\ApiProcessingTests.csproj", "{00213BF1-A405-4BF6-965C-20A1FCB1E862}"
EndProject
Project("{FAE04EC0-301F-11D3-BF4B-00C04F79EFBC}") = "ApiProcessing", "Common\ApiProcessing\ApiProcessing.csproj", "{351055F7-06DF-47BB-A3C3-67C97046A241}"
EndProject
Project("{FAE04EC0-301F-11D3-BF4B-00C04F79EFBC}") = "Data", "Data\Data\Data.csproj", "{5973C094-1D69-4D8C-8B77-D65FF08A22B1}"
EndProject
Project("{FAE04EC0-301F-11D3-BF4B-00C04F79EFBC}") = "Models", "Data\Models\Models.csproj", "{D974132D-D66D-498B-A5A1-D14FCB13A7C5}"
EndProject
Project("{FAE04EC0-301F-11D3-BF4B-00C04F79EFBC}") = "Helpers", "Common\Helpers\Helpers.csproj", "{E0485E04-2C82-43A3-9CDA-46C29C98042D}"
EndProject
Project("{2150E333-8FDC-42A3-9474-1A3956D46DE8}") = "ApiAnalysis", "ApiAnalysis", "{8070A716-9442-4448-9C8B-73C2811D9482}"
EndProject
Project("{FAE04EC0-301F-11D3-BF4B-00C04F79EFBC}") = "AnalysisCore", "ApiAnalysis\AnalysisCore\AnalysisCore.csproj", "{E24161AC-C5E1-47DE-BD0C-26431277B4C0}"
EndProject
Project("{FAE04EC0-301F-11D3-BF4B-00C04F79EFBC}") = "AnalysisExecutor", "ApiAnalysis\AnalysisExecutor\AnalysisExecutor.csproj", "{640B23E6-EE9C-4034-86C3-F80368CCE00C}"
EndProject
Project("{FAE04EC0-301F-11D3-BF4B-00C04F79EFBC}") = "Configuration", "Common\Configuration\Configuration.csproj", "{9D50B3A8-DF0F-4AA2-9F84-4B97731D1012}"
EndProject
Project("{FAE04EC0-301F-11D3-BF4B-00C04F79EFBC}") = "SynchronizationService", "SynchronizationService\SynchronizationService.csproj", "{4BBA2176-0689-4F5A-AF86-15EAB15C77D9}"
EndProject
Project("{2150E333-8FDC-42A3-9474-1A3956D46DE8}") = "Web", "Web", "{20C92A26-3F5E-4BFA-AEB0-804D700ACBF9}"
EndProject
Project("{FAE04EC0-301F-11D3-BF4B-00C04F79EFBC}") = "ModelsTests", "Tests\ModelsTests\ModelsTests.csproj", "{11DB8F6A-504C-4FF4-8804-18B90D264F89}"
EndProject
Project("{FAE04EC0-301F-11D3-BF4B-00C04F79EFBC}") = "Logging", "Common\Logging\Logging.csproj", "{8495E69B-8B6B-4ED0-ABA0-882B730AF871}"
EndProject
Project("{FAE04EC0-301F-11D3-BF4B-00C04F79EFBC}") = "ComparerKatanaHosting", "Web\ComparerKatanaHosting\ComparerKatanaHosting.csproj", "{E5EDD393-DD9C-41A8-8F0D-65783D983521}"
EndProject
Project("{FAE04EC0-301F-11D3-BF4B-00C04F79EFBC}") = "ComparerAPI", "Web\ComparerAPI\ComparerAPI.csproj", "{57D3234B-B2FB-454B-B8C6-9E98541B901E}"
EndProject
Project("{FAE04EC0-301F-11D3-BF4B-00C04F79EFBC}") = "ComparerHostingService", "Web\ComparerHostingService\ComparerHostingService.csproj", "{F802E423-415F-42F2-82AB-1F62E9123DBA}"
EndProject
Project("{2150E333-8FDC-42A3-9474-1A3956D46DE8}") = "Security", "Security", "{13E9DE8A-421F-43F4-A9E0-7C3E0B2D3C84}"
EndProject
Project("{FAE04EC0-301F-11D3-BF4B-00C04F79EFBC}") = "IdentityServerHost", "Security\IdentityServerHost\IdentityServerHost.csproj", "{BA5FC5B0-4179-4ABE-8450-E84D5F52C144}"
EndProject
Project("{FAE04EC0-301F-11D3-BF4B-00C04F79EFBC}") = "IdentityHostRequester", "Security\IdentityHostRequester\IdentityHostRequester.csproj", "{75E949E7-AB9C-4B5F-8D1A-0815A8CB7BFF}"
EndProject
Project("{FAE04EC0-301F-11D3-BF4B-00C04F79EFBC}") = "TokenRequester", "Security\TokenRequester\TokenRequester.csproj", "{9F04108B-0FE8-4576-B408-47D75369BB40}"
EndProject
Global
	GlobalSection(SolutionConfigurationPlatforms) = preSolution
		Debug|Any CPU = Debug|Any CPU
		Debug|ARM = Debug|ARM
		Debug|x64 = Debug|x64
		Debug|x86 = Debug|x86
		Release|Any CPU = Release|Any CPU
		Release|ARM = Release|ARM
		Release|x64 = Release|x64
		Release|x86 = Release|x86
	EndGlobalSection
	GlobalSection(ProjectConfigurationPlatforms) = postSolution
		{34D36F26-7AC9-4DD5-B077-F6C60948450E}.Debug|Any CPU.ActiveCfg = Debug|Any CPU
		{34D36F26-7AC9-4DD5-B077-F6C60948450E}.Debug|Any CPU.Build.0 = Debug|Any CPU
		{34D36F26-7AC9-4DD5-B077-F6C60948450E}.Debug|ARM.ActiveCfg = Debug|Any CPU
		{34D36F26-7AC9-4DD5-B077-F6C60948450E}.Debug|x64.ActiveCfg = Debug|Any CPU
		{34D36F26-7AC9-4DD5-B077-F6C60948450E}.Debug|x86.ActiveCfg = Debug|Any CPU
		{34D36F26-7AC9-4DD5-B077-F6C60948450E}.Release|Any CPU.ActiveCfg = Release|Any CPU
		{34D36F26-7AC9-4DD5-B077-F6C60948450E}.Release|Any CPU.Build.0 = Release|Any CPU
		{34D36F26-7AC9-4DD5-B077-F6C60948450E}.Release|ARM.ActiveCfg = Release|Any CPU
		{34D36F26-7AC9-4DD5-B077-F6C60948450E}.Release|x64.ActiveCfg = Release|Any CPU
		{34D36F26-7AC9-4DD5-B077-F6C60948450E}.Release|x86.ActiveCfg = Release|Any CPU
		{00213BF1-A405-4BF6-965C-20A1FCB1E862}.Debug|Any CPU.ActiveCfg = Debug|Any CPU
		{00213BF1-A405-4BF6-965C-20A1FCB1E862}.Debug|Any CPU.Build.0 = Debug|Any CPU
		{00213BF1-A405-4BF6-965C-20A1FCB1E862}.Debug|ARM.ActiveCfg = Debug|Any CPU
		{00213BF1-A405-4BF6-965C-20A1FCB1E862}.Debug|x64.ActiveCfg = Debug|Any CPU
		{00213BF1-A405-4BF6-965C-20A1FCB1E862}.Debug|x86.ActiveCfg = Debug|Any CPU
		{00213BF1-A405-4BF6-965C-20A1FCB1E862}.Release|Any CPU.ActiveCfg = Release|Any CPU
		{00213BF1-A405-4BF6-965C-20A1FCB1E862}.Release|Any CPU.Build.0 = Release|Any CPU
		{00213BF1-A405-4BF6-965C-20A1FCB1E862}.Release|ARM.ActiveCfg = Release|Any CPU
		{00213BF1-A405-4BF6-965C-20A1FCB1E862}.Release|x64.ActiveCfg = Release|Any CPU
		{00213BF1-A405-4BF6-965C-20A1FCB1E862}.Release|x86.ActiveCfg = Release|Any CPU
		{351055F7-06DF-47BB-A3C3-67C97046A241}.Debug|Any CPU.ActiveCfg = Debug|Any CPU
		{351055F7-06DF-47BB-A3C3-67C97046A241}.Debug|Any CPU.Build.0 = Debug|Any CPU
		{351055F7-06DF-47BB-A3C3-67C97046A241}.Debug|ARM.ActiveCfg = Debug|Any CPU
		{351055F7-06DF-47BB-A3C3-67C97046A241}.Debug|x64.ActiveCfg = Debug|Any CPU
		{351055F7-06DF-47BB-A3C3-67C97046A241}.Debug|x86.ActiveCfg = Debug|Any CPU
		{351055F7-06DF-47BB-A3C3-67C97046A241}.Release|Any CPU.ActiveCfg = Release|Any CPU
		{351055F7-06DF-47BB-A3C3-67C97046A241}.Release|Any CPU.Build.0 = Release|Any CPU
		{351055F7-06DF-47BB-A3C3-67C97046A241}.Release|ARM.ActiveCfg = Release|Any CPU
		{351055F7-06DF-47BB-A3C3-67C97046A241}.Release|x64.ActiveCfg = Release|Any CPU
		{351055F7-06DF-47BB-A3C3-67C97046A241}.Release|x86.ActiveCfg = Release|Any CPU
		{5973C094-1D69-4D8C-8B77-D65FF08A22B1}.Debug|Any CPU.ActiveCfg = Debug|Any CPU
		{5973C094-1D69-4D8C-8B77-D65FF08A22B1}.Debug|Any CPU.Build.0 = Debug|Any CPU
		{5973C094-1D69-4D8C-8B77-D65FF08A22B1}.Debug|ARM.ActiveCfg = Debug|Any CPU
		{5973C094-1D69-4D8C-8B77-D65FF08A22B1}.Debug|x64.ActiveCfg = Debug|Any CPU
		{5973C094-1D69-4D8C-8B77-D65FF08A22B1}.Debug|x86.ActiveCfg = Debug|Any CPU
		{5973C094-1D69-4D8C-8B77-D65FF08A22B1}.Release|Any CPU.ActiveCfg = Release|Any CPU
		{5973C094-1D69-4D8C-8B77-D65FF08A22B1}.Release|Any CPU.Build.0 = Release|Any CPU
		{5973C094-1D69-4D8C-8B77-D65FF08A22B1}.Release|ARM.ActiveCfg = Release|Any CPU
		{5973C094-1D69-4D8C-8B77-D65FF08A22B1}.Release|x64.ActiveCfg = Release|Any CPU
		{5973C094-1D69-4D8C-8B77-D65FF08A22B1}.Release|x86.ActiveCfg = Release|Any CPU
		{D974132D-D66D-498B-A5A1-D14FCB13A7C5}.Debug|Any CPU.ActiveCfg = Debug|Any CPU
		{D974132D-D66D-498B-A5A1-D14FCB13A7C5}.Debug|Any CPU.Build.0 = Debug|Any CPU
		{D974132D-D66D-498B-A5A1-D14FCB13A7C5}.Debug|ARM.ActiveCfg = Debug|Any CPU
		{D974132D-D66D-498B-A5A1-D14FCB13A7C5}.Debug|x64.ActiveCfg = Debug|Any CPU
		{D974132D-D66D-498B-A5A1-D14FCB13A7C5}.Debug|x86.ActiveCfg = Debug|Any CPU
		{D974132D-D66D-498B-A5A1-D14FCB13A7C5}.Release|Any CPU.ActiveCfg = Release|Any CPU
		{D974132D-D66D-498B-A5A1-D14FCB13A7C5}.Release|Any CPU.Build.0 = Release|Any CPU
		{D974132D-D66D-498B-A5A1-D14FCB13A7C5}.Release|ARM.ActiveCfg = Release|Any CPU
		{D974132D-D66D-498B-A5A1-D14FCB13A7C5}.Release|x64.ActiveCfg = Release|Any CPU
		{D974132D-D66D-498B-A5A1-D14FCB13A7C5}.Release|x86.ActiveCfg = Release|Any CPU
		{E0485E04-2C82-43A3-9CDA-46C29C98042D}.Debug|Any CPU.ActiveCfg = Debug|Any CPU
		{E0485E04-2C82-43A3-9CDA-46C29C98042D}.Debug|Any CPU.Build.0 = Debug|Any CPU
		{E0485E04-2C82-43A3-9CDA-46C29C98042D}.Debug|ARM.ActiveCfg = Debug|Any CPU
		{E0485E04-2C82-43A3-9CDA-46C29C98042D}.Debug|x64.ActiveCfg = Debug|Any CPU
		{E0485E04-2C82-43A3-9CDA-46C29C98042D}.Debug|x86.ActiveCfg = Debug|Any CPU
		{E0485E04-2C82-43A3-9CDA-46C29C98042D}.Release|Any CPU.ActiveCfg = Release|Any CPU
		{E0485E04-2C82-43A3-9CDA-46C29C98042D}.Release|Any CPU.Build.0 = Release|Any CPU
		{E0485E04-2C82-43A3-9CDA-46C29C98042D}.Release|ARM.ActiveCfg = Release|Any CPU
		{E0485E04-2C82-43A3-9CDA-46C29C98042D}.Release|x64.ActiveCfg = Release|Any CPU
		{E0485E04-2C82-43A3-9CDA-46C29C98042D}.Release|x86.ActiveCfg = Release|Any CPU
		{E24161AC-C5E1-47DE-BD0C-26431277B4C0}.Debug|Any CPU.ActiveCfg = Debug|Any CPU
		{E24161AC-C5E1-47DE-BD0C-26431277B4C0}.Debug|Any CPU.Build.0 = Debug|Any CPU
		{E24161AC-C5E1-47DE-BD0C-26431277B4C0}.Debug|ARM.ActiveCfg = Debug|Any CPU
		{E24161AC-C5E1-47DE-BD0C-26431277B4C0}.Debug|x64.ActiveCfg = Debug|Any CPU
		{E24161AC-C5E1-47DE-BD0C-26431277B4C0}.Debug|x86.ActiveCfg = Debug|Any CPU
		{E24161AC-C5E1-47DE-BD0C-26431277B4C0}.Release|Any CPU.ActiveCfg = Release|Any CPU
		{E24161AC-C5E1-47DE-BD0C-26431277B4C0}.Release|Any CPU.Build.0 = Release|Any CPU
		{E24161AC-C5E1-47DE-BD0C-26431277B4C0}.Release|ARM.ActiveCfg = Release|Any CPU
		{E24161AC-C5E1-47DE-BD0C-26431277B4C0}.Release|x64.ActiveCfg = Release|Any CPU
		{E24161AC-C5E1-47DE-BD0C-26431277B4C0}.Release|x86.ActiveCfg = Release|Any CPU
		{640B23E6-EE9C-4034-86C3-F80368CCE00C}.Debug|Any CPU.ActiveCfg = Debug|Any CPU
		{640B23E6-EE9C-4034-86C3-F80368CCE00C}.Debug|Any CPU.Build.0 = Debug|Any CPU
		{640B23E6-EE9C-4034-86C3-F80368CCE00C}.Debug|ARM.ActiveCfg = Debug|Any CPU
		{640B23E6-EE9C-4034-86C3-F80368CCE00C}.Debug|x64.ActiveCfg = Debug|Any CPU
		{640B23E6-EE9C-4034-86C3-F80368CCE00C}.Debug|x86.ActiveCfg = Debug|Any CPU
		{640B23E6-EE9C-4034-86C3-F80368CCE00C}.Release|Any CPU.ActiveCfg = Release|Any CPU
		{640B23E6-EE9C-4034-86C3-F80368CCE00C}.Release|Any CPU.Build.0 = Release|Any CPU
		{640B23E6-EE9C-4034-86C3-F80368CCE00C}.Release|ARM.ActiveCfg = Release|Any CPU
		{640B23E6-EE9C-4034-86C3-F80368CCE00C}.Release|x64.ActiveCfg = Release|Any CPU
		{640B23E6-EE9C-4034-86C3-F80368CCE00C}.Release|x86.ActiveCfg = Release|Any CPU
		{9D50B3A8-DF0F-4AA2-9F84-4B97731D1012}.Debug|Any CPU.ActiveCfg = Debug|Any CPU
		{9D50B3A8-DF0F-4AA2-9F84-4B97731D1012}.Debug|Any CPU.Build.0 = Debug|Any CPU
		{9D50B3A8-DF0F-4AA2-9F84-4B97731D1012}.Debug|ARM.ActiveCfg = Debug|Any CPU
		{9D50B3A8-DF0F-4AA2-9F84-4B97731D1012}.Debug|x64.ActiveCfg = Debug|Any CPU
		{9D50B3A8-DF0F-4AA2-9F84-4B97731D1012}.Debug|x86.ActiveCfg = Debug|Any CPU
		{9D50B3A8-DF0F-4AA2-9F84-4B97731D1012}.Release|Any CPU.ActiveCfg = Release|Any CPU
		{9D50B3A8-DF0F-4AA2-9F84-4B97731D1012}.Release|Any CPU.Build.0 = Release|Any CPU
		{9D50B3A8-DF0F-4AA2-9F84-4B97731D1012}.Release|ARM.ActiveCfg = Release|Any CPU
		{9D50B3A8-DF0F-4AA2-9F84-4B97731D1012}.Release|x64.ActiveCfg = Release|Any CPU
		{9D50B3A8-DF0F-4AA2-9F84-4B97731D1012}.Release|x86.ActiveCfg = Release|Any CPU
		{4BBA2176-0689-4F5A-AF86-15EAB15C77D9}.Debug|Any CPU.ActiveCfg = Debug|Any CPU
		{4BBA2176-0689-4F5A-AF86-15EAB15C77D9}.Debug|Any CPU.Build.0 = Debug|Any CPU
		{4BBA2176-0689-4F5A-AF86-15EAB15C77D9}.Debug|ARM.ActiveCfg = Debug|Any CPU
		{4BBA2176-0689-4F5A-AF86-15EAB15C77D9}.Debug|x64.ActiveCfg = Debug|Any CPU
		{4BBA2176-0689-4F5A-AF86-15EAB15C77D9}.Debug|x86.ActiveCfg = Debug|Any CPU
		{4BBA2176-0689-4F5A-AF86-15EAB15C77D9}.Release|Any CPU.ActiveCfg = Release|Any CPU
		{4BBA2176-0689-4F5A-AF86-15EAB15C77D9}.Release|Any CPU.Build.0 = Release|Any CPU
		{4BBA2176-0689-4F5A-AF86-15EAB15C77D9}.Release|ARM.ActiveCfg = Release|Any CPU
		{4BBA2176-0689-4F5A-AF86-15EAB15C77D9}.Release|x64.ActiveCfg = Release|Any CPU
		{4BBA2176-0689-4F5A-AF86-15EAB15C77D9}.Release|x86.ActiveCfg = Release|Any CPU
		{11DB8F6A-504C-4FF4-8804-18B90D264F89}.Debug|Any CPU.ActiveCfg = Debug|Any CPU
		{11DB8F6A-504C-4FF4-8804-18B90D264F89}.Debug|Any CPU.Build.0 = Debug|Any CPU
		{11DB8F6A-504C-4FF4-8804-18B90D264F89}.Debug|ARM.ActiveCfg = Debug|Any CPU
		{11DB8F6A-504C-4FF4-8804-18B90D264F89}.Debug|x64.ActiveCfg = Debug|Any CPU
		{11DB8F6A-504C-4FF4-8804-18B90D264F89}.Debug|x86.ActiveCfg = Debug|Any CPU
		{11DB8F6A-504C-4FF4-8804-18B90D264F89}.Release|Any CPU.ActiveCfg = Release|Any CPU
		{11DB8F6A-504C-4FF4-8804-18B90D264F89}.Release|Any CPU.Build.0 = Release|Any CPU
		{11DB8F6A-504C-4FF4-8804-18B90D264F89}.Release|ARM.ActiveCfg = Release|Any CPU
		{11DB8F6A-504C-4FF4-8804-18B90D264F89}.Release|x64.ActiveCfg = Release|Any CPU
		{11DB8F6A-504C-4FF4-8804-18B90D264F89}.Release|x86.ActiveCfg = Release|Any CPU
		{8495E69B-8B6B-4ED0-ABA0-882B730AF871}.Debug|Any CPU.ActiveCfg = Debug|Any CPU
		{8495E69B-8B6B-4ED0-ABA0-882B730AF871}.Debug|Any CPU.Build.0 = Debug|Any CPU
		{8495E69B-8B6B-4ED0-ABA0-882B730AF871}.Debug|ARM.ActiveCfg = Debug|Any CPU
		{8495E69B-8B6B-4ED0-ABA0-882B730AF871}.Debug|x64.ActiveCfg = Debug|Any CPU
		{8495E69B-8B6B-4ED0-ABA0-882B730AF871}.Debug|x86.ActiveCfg = Debug|Any CPU
		{8495E69B-8B6B-4ED0-ABA0-882B730AF871}.Release|Any CPU.ActiveCfg = Release|Any CPU
		{8495E69B-8B6B-4ED0-ABA0-882B730AF871}.Release|Any CPU.Build.0 = Release|Any CPU
		{8495E69B-8B6B-4ED0-ABA0-882B730AF871}.Release|ARM.ActiveCfg = Release|Any CPU
		{8495E69B-8B6B-4ED0-ABA0-882B730AF871}.Release|x64.ActiveCfg = Release|Any CPU
		{8495E69B-8B6B-4ED0-ABA0-882B730AF871}.Release|x86.ActiveCfg = Release|Any CPU
		{E5EDD393-DD9C-41A8-8F0D-65783D983521}.Debug|Any CPU.ActiveCfg = Debug|Any CPU
		{E5EDD393-DD9C-41A8-8F0D-65783D983521}.Debug|Any CPU.Build.0 = Debug|Any CPU
		{E5EDD393-DD9C-41A8-8F0D-65783D983521}.Debug|ARM.ActiveCfg = Debug|Any CPU
		{E5EDD393-DD9C-41A8-8F0D-65783D983521}.Debug|x64.ActiveCfg = Debug|Any CPU
		{E5EDD393-DD9C-41A8-8F0D-65783D983521}.Debug|x86.ActiveCfg = Debug|Any CPU
		{E5EDD393-DD9C-41A8-8F0D-65783D983521}.Release|Any CPU.ActiveCfg = Release|Any CPU
		{E5EDD393-DD9C-41A8-8F0D-65783D983521}.Release|Any CPU.Build.0 = Release|Any CPU
		{E5EDD393-DD9C-41A8-8F0D-65783D983521}.Release|ARM.ActiveCfg = Release|Any CPU
		{E5EDD393-DD9C-41A8-8F0D-65783D983521}.Release|x64.ActiveCfg = Release|Any CPU
		{E5EDD393-DD9C-41A8-8F0D-65783D983521}.Release|x86.ActiveCfg = Release|Any CPU
		{57D3234B-B2FB-454B-B8C6-9E98541B901E}.Debug|Any CPU.ActiveCfg = Debug|Any CPU
		{57D3234B-B2FB-454B-B8C6-9E98541B901E}.Debug|Any CPU.Build.0 = Debug|Any CPU
		{57D3234B-B2FB-454B-B8C6-9E98541B901E}.Debug|ARM.ActiveCfg = Debug|Any CPU
		{57D3234B-B2FB-454B-B8C6-9E98541B901E}.Debug|x64.ActiveCfg = Debug|Any CPU
		{57D3234B-B2FB-454B-B8C6-9E98541B901E}.Debug|x86.ActiveCfg = Debug|Any CPU
		{57D3234B-B2FB-454B-B8C6-9E98541B901E}.Release|Any CPU.ActiveCfg = Release|Any CPU
		{57D3234B-B2FB-454B-B8C6-9E98541B901E}.Release|Any CPU.Build.0 = Release|Any CPU
		{57D3234B-B2FB-454B-B8C6-9E98541B901E}.Release|ARM.ActiveCfg = Release|Any CPU
		{57D3234B-B2FB-454B-B8C6-9E98541B901E}.Release|x64.ActiveCfg = Release|Any CPU
		{57D3234B-B2FB-454B-B8C6-9E98541B901E}.Release|x86.ActiveCfg = Release|Any CPU
		{F802E423-415F-42F2-82AB-1F62E9123DBA}.Debug|Any CPU.ActiveCfg = Debug|Any CPU
		{F802E423-415F-42F2-82AB-1F62E9123DBA}.Debug|Any CPU.Build.0 = Debug|Any CPU
		{F802E423-415F-42F2-82AB-1F62E9123DBA}.Debug|ARM.ActiveCfg = Debug|Any CPU
		{F802E423-415F-42F2-82AB-1F62E9123DBA}.Debug|x64.ActiveCfg = Debug|Any CPU
		{F802E423-415F-42F2-82AB-1F62E9123DBA}.Debug|x86.ActiveCfg = Debug|Any CPU
		{F802E423-415F-42F2-82AB-1F62E9123DBA}.Release|Any CPU.ActiveCfg = Release|Any CPU
		{F802E423-415F-42F2-82AB-1F62E9123DBA}.Release|Any CPU.Build.0 = Release|Any CPU
		{F802E423-415F-42F2-82AB-1F62E9123DBA}.Release|ARM.ActiveCfg = Release|Any CPU
		{F802E423-415F-42F2-82AB-1F62E9123DBA}.Release|x64.ActiveCfg = Release|Any CPU
		{F802E423-415F-42F2-82AB-1F62E9123DBA}.Release|x86.ActiveCfg = Release|Any CPU
		{BA5FC5B0-4179-4ABE-8450-E84D5F52C144}.Debug|Any CPU.ActiveCfg = Debug|Any CPU
		{BA5FC5B0-4179-4ABE-8450-E84D5F52C144}.Debug|Any CPU.Build.0 = Debug|Any CPU
		{BA5FC5B0-4179-4ABE-8450-E84D5F52C144}.Debug|ARM.ActiveCfg = Debug|Any CPU
		{BA5FC5B0-4179-4ABE-8450-E84D5F52C144}.Debug|x64.ActiveCfg = Debug|Any CPU
		{BA5FC5B0-4179-4ABE-8450-E84D5F52C144}.Debug|x86.ActiveCfg = Debug|Any CPU
		{BA5FC5B0-4179-4ABE-8450-E84D5F52C144}.Release|Any CPU.ActiveCfg = Release|Any CPU
		{BA5FC5B0-4179-4ABE-8450-E84D5F52C144}.Release|Any CPU.Build.0 = Release|Any CPU
		{BA5FC5B0-4179-4ABE-8450-E84D5F52C144}.Release|ARM.ActiveCfg = Release|Any CPU
		{BA5FC5B0-4179-4ABE-8450-E84D5F52C144}.Release|x64.ActiveCfg = Release|Any CPU
		{BA5FC5B0-4179-4ABE-8450-E84D5F52C144}.Release|x86.ActiveCfg = Release|Any CPU
		{75E949E7-AB9C-4B5F-8D1A-0815A8CB7BFF}.Debug|Any CPU.ActiveCfg = Debug|Any CPU
		{75E949E7-AB9C-4B5F-8D1A-0815A8CB7BFF}.Debug|Any CPU.Build.0 = Debug|Any CPU
		{75E949E7-AB9C-4B5F-8D1A-0815A8CB7BFF}.Debug|ARM.ActiveCfg = Debug|Any CPU
		{75E949E7-AB9C-4B5F-8D1A-0815A8CB7BFF}.Debug|x64.ActiveCfg = Debug|Any CPU
		{75E949E7-AB9C-4B5F-8D1A-0815A8CB7BFF}.Debug|x86.ActiveCfg = Debug|Any CPU
		{75E949E7-AB9C-4B5F-8D1A-0815A8CB7BFF}.Release|Any CPU.ActiveCfg = Release|Any CPU
		{75E949E7-AB9C-4B5F-8D1A-0815A8CB7BFF}.Release|Any CPU.Build.0 = Release|Any CPU
		{75E949E7-AB9C-4B5F-8D1A-0815A8CB7BFF}.Release|ARM.ActiveCfg = Release|Any CPU
		{75E949E7-AB9C-4B5F-8D1A-0815A8CB7BFF}.Release|x64.ActiveCfg = Release|Any CPU
		{75E949E7-AB9C-4B5F-8D1A-0815A8CB7BFF}.Release|x86.ActiveCfg = Release|Any CPU
		{9F04108B-0FE8-4576-B408-47D75369BB40}.Debug|Any CPU.ActiveCfg = Debug|Any CPU
		{9F04108B-0FE8-4576-B408-47D75369BB40}.Debug|Any CPU.Build.0 = Debug|Any CPU
		{9F04108B-0FE8-4576-B408-47D75369BB40}.Debug|ARM.ActiveCfg = Debug|Any CPU
		{9F04108B-0FE8-4576-B408-47D75369BB40}.Debug|x64.ActiveCfg = Debug|Any CPU
		{9F04108B-0FE8-4576-B408-47D75369BB40}.Debug|x86.ActiveCfg = Debug|Any CPU
		{9F04108B-0FE8-4576-B408-47D75369BB40}.Release|Any CPU.ActiveCfg = Release|Any CPU
		{9F04108B-0FE8-4576-B408-47D75369BB40}.Release|Any CPU.Build.0 = Release|Any CPU
		{9F04108B-0FE8-4576-B408-47D75369BB40}.Release|ARM.ActiveCfg = Release|Any CPU
		{9F04108B-0FE8-4576-B408-47D75369BB40}.Release|x64.ActiveCfg = Release|Any CPU
		{9F04108B-0FE8-4576-B408-47D75369BB40}.Release|x86.ActiveCfg = Release|Any CPU
	EndGlobalSection
	GlobalSection(SolutionProperties) = preSolution
		HideSolutionNode = FALSE
	EndGlobalSection
	GlobalSection(NestedProjects) = preSolution
		{00213BF1-A405-4BF6-965C-20A1FCB1E862} = {A15D63F1-8FAC-4116-85D2-350634D933C0}
		{351055F7-06DF-47BB-A3C3-67C97046A241} = {71F0933C-6B1A-4852-A205-3B9EB204831E}
		{5973C094-1D69-4D8C-8B77-D65FF08A22B1} = {6CBF04D9-5B88-461B-B582-4754369FD381}
		{D974132D-D66D-498B-A5A1-D14FCB13A7C5} = {6CBF04D9-5B88-461B-B582-4754369FD381}
		{E0485E04-2C82-43A3-9CDA-46C29C98042D} = {71F0933C-6B1A-4852-A205-3B9EB204831E}
		{E24161AC-C5E1-47DE-BD0C-26431277B4C0} = {8070A716-9442-4448-9C8B-73C2811D9482}
		{640B23E6-EE9C-4034-86C3-F80368CCE00C} = {8070A716-9442-4448-9C8B-73C2811D9482}
		{9D50B3A8-DF0F-4AA2-9F84-4B97731D1012} = {71F0933C-6B1A-4852-A205-3B9EB204831E}
		{11DB8F6A-504C-4FF4-8804-18B90D264F89} = {A15D63F1-8FAC-4116-85D2-350634D933C0}
		{8495E69B-8B6B-4ED0-ABA0-882B730AF871} = {71F0933C-6B1A-4852-A205-3B9EB204831E}
		{E5EDD393-DD9C-41A8-8F0D-65783D983521} = {20C92A26-3F5E-4BFA-AEB0-804D700ACBF9}
		{57D3234B-B2FB-454B-B8C6-9E98541B901E} = {20C92A26-3F5E-4BFA-AEB0-804D700ACBF9}
		{F802E423-415F-42F2-82AB-1F62E9123DBA} = {20C92A26-3F5E-4BFA-AEB0-804D700ACBF9}
		{BA5FC5B0-4179-4ABE-8450-E84D5F52C144} = {13E9DE8A-421F-43F4-A9E0-7C3E0B2D3C84}
		{75E949E7-AB9C-4B5F-8D1A-0815A8CB7BFF} = {13E9DE8A-421F-43F4-A9E0-7C3E0B2D3C84}
		{9F04108B-0FE8-4576-B408-47D75369BB40} = {13E9DE8A-421F-43F4-A9E0-7C3E0B2D3C84}
	EndGlobalSection
EndGlobal
